{
  "name": "superexpert-ai-orange-theme",
  "lockfileVersion": 3,
  "requires": true,
  "packages": {
    "": {
      "dependencies": {
        "@superexpert-ai/framework": "^0.1.0-alpha.0"
      }
    },
    "node_modules/@superexpert-ai/framework": {
      "version": "0.1.0-alpha.0",
      "resolved": "https://registry.npmjs.org/@superexpert-ai/framework/-/framework-0.1.0-alpha.0.tgz",
      "integrity": "sha512-+pbQMJgtm9++NkOLIXUJdGEFCZPEtOvQ+X+K3Tqk3zq6IRT8IqDrjcqndJgx6kmh/7PDf40CzLfK1AoHVn8/5A==",
      "license": "MIT",
      "dependencies": {
        "react": "^19.0.0",
        "reflect-metadata": "^0.2.2",
        "user": "^0.0.0"
      }
    },
    "node_modules/react": {
      "version": "19.1.0",
      "resolved": "https://registry.npmjs.org/react/-/react-19.1.0.tgz",
      "integrity": "sha512-FS+XFBNvn3GTAWq26joslQgWNoFu08F4kl0J4CgdNKADkdSGXQyTCnKteIAJy96Br6YbpEU1LSzV5dYtjMkMDg==",
      "license": "MIT",
      "engines": {
        "node": ">=0.10.0"
      }
    },
    "node_modules/reflect-metadata": {
      "version": "0.2.2",
      "resolved": "https://registry.npmjs.org/reflect-metadata/-/reflect-metadata-0.2.2.tgz",
      "integrity": "sha512-urBwgfrvVP/eAyXx4hluJivBKzuEbSQs9rKWCrCkbSxNv8mxPcUZKeuoF3Uy4mJl3Lwprp6yy5/39VWigZ4K6Q==",
      "license": "Apache-2.0"
    },
    "node_modules/user": {
      "version": "0.0.0",
      "resolved": "https://registry.npmjs.org/user/-/user-0.0.0.tgz",
      "integrity": "sha512-eRNM5isOvr6aEFAGi1CqAkmLkYxW2NJ5ThhbD+6IJXYKM1mo7Gtxx4mQIveHz/5K3p/SVnlW9k17ETn+QAu8IQ==",
      "license": "MIT"
    }
  }
}
